
Microsoft Visual Studio Solution File, Format Version 12.00
# Visual Studio Version 17
VisualStudioVersion = 17.14.36511.14 d17.14
MinimumVisualStudioVersion = 10.0.40219.1
Project("{FAE04EC0-301F-11D3-BF4B-00C04F79EFBC}") = "InMemoryCache", "InMemoryCache\InMemoryCache.csproj", "{2B18D93E-72AD-4126-978B-AB710F90414C}"
EndProject
Project("{FAE04EC0-301F-11D3-BF4B-00C04F79EFBC}") = "InMemoryCacheTests", "InMemoryCacheTests\InMemoryCacheTests.csproj", "{EE1D68EE-8964-40F8-9D48-6B1A172DB77F}"
EndProject
Global
	GlobalSection(SolutionConfigurationPlatforms) = preSolution
		Debug|Any CPU = Debug|Any CPU
		Release|Any CPU = Release|Any CPU
	EndGlobalSection
	GlobalSection(ProjectConfigurationPlatforms) = postSolution
		{2B18D93E-72AD-4126-978B-AB710F90414C}.Debug|Any CPU.ActiveCfg = Debug|Any CPU
		{2B18D93E-72AD-4126-978B-AB710F90414C}.Debug|Any CPU.Build.0 = Debug|Any CPU
		{2B18D93E-72AD-4126-978B-AB710F90414C}.Release|Any CPU.ActiveCfg = Release|Any CPU
		{2B18D93E-72AD-4126-978B-AB710F90414C}.Release|Any CPU.Build.0 = Release|Any CPU
		{EE1D68EE-8964-40F8-9D48-6B1A172DB77F}.Debug|Any CPU.ActiveCfg = Debug|Any CPU
		{EE1D68EE-8964-40F8-9D48-6B1A172DB77F}.Debug|Any CPU.Build.0 = Debug|Any CPU
		{EE1D68EE-8964-40F8-9D48-6B1A172DB77F}.Release|Any CPU.ActiveCfg = Release|Any CPU
		{EE1D68EE-8964-40F8-9D48-6B1A172DB77F}.Release|Any CPU.Build.0 = Release|Any CPU
	EndGlobalSection
	GlobalSection(SolutionProperties) = preSolution
		HideSolutionNode = FALSE
	EndGlobalSection
	GlobalSection(ExtensibilityGlobals) = postSolution
		SolutionGuid = {C52943C7-E70D-414E-A876-F3C3BC9B3517}
	EndGlobalSection
EndGlobal
